
Microsoft Visual Studio Solution File, Format Version 12.00
# Visual Studio 2013
VisualStudioVersion = 12.0.21005.1
MinimumVisualStudioVersion = 10.0.40219.1
Project("{FAE04EC0-301F-11D3-BF4B-00C04F79EFBC}") = "Website", "src\Website\Website.csproj", "{8656669D-3ECA-4B34-B893-04E6AD4928B6}"
EndProject
Project("{2150E333-8FDC-42A3-9474-1A3956D46DE8}") = ".docs", ".docs", "{0F3E6341-CBDC-4123-AA59-BABD654BB805}"
	ProjectSection(SolutionItems) = preProject
		docs\idea.txt = docs\idea.txt
	EndProjectSection
EndProject
Global
	GlobalSection(SolutionConfigurationPlatforms) = preSolution
		Debug|Any CPU = Debug|Any CPU
		Release|Any CPU = Release|Any CPU
	EndGlobalSection
	GlobalSection(ProjectConfigurationPlatforms) = postSolution
		{8656669D-3ECA-4B34-B893-04E6AD4928B6}.Debug|Any CPU.ActiveCfg = Debug|Any CPU
		{8656669D-3ECA-4B34-B893-04E6AD4928B6}.Debug|Any CPU.Build.0 = Debug|Any CPU
		{8656669D-3ECA-4B34-B893-04E6AD4928B6}.Release|Any CPU.ActiveCfg = Release|Any CPU
		{8656669D-3ECA-4B34-B893-04E6AD4928B6}.Release|Any CPU.Build.0 = Release|Any CPU
	EndGlobalSection
	GlobalSection(SolutionProperties) = preSolution
		HideSolutionNode = FALSE
	EndGlobalSection
EndGlobal
